
Microsoft Visual Studio Solution File, Format Version 12.00
# Visual Studio Version 16
VisualStudioVersion = 16.0.29306.81
MinimumVisualStudioVersion = 10.0.40219.1
Project("{FAE04EC0-301F-11D3-BF4B-00C04F79EFBC}") = "DevExpressPivot", "DevExpressPivot\DevExpressPivot.csproj", "{18106D44-F750-4245-9F5F-1164A25B4D20}"
EndProject
Global
	GlobalSection(SolutionConfigurationPlatforms) = preSolution
		Debug|Any CPU = Debug|Any CPU
		Release|Any CPU = Release|Any CPU
	EndGlobalSection
	GlobalSection(ProjectConfigurationPlatforms) = postSolution
		{18106D44-F750-4245-9F5F-1164A25B4D20}.Debug|Any CPU.ActiveCfg = Debug|Any CPU
		{18106D44-F750-4245-9F5F-1164A25B4D20}.Debug|Any CPU.Build.0 = Debug|Any CPU
		{18106D44-F750-4245-9F5F-1164A25B4D20}.Release|Any CPU.ActiveCfg = Release|Any CPU
		{18106D44-F750-4245-9F5F-1164A25B4D20}.Release|Any CPU.Build.0 = Release|Any CPU
	EndGlobalSection
	GlobalSection(SolutionProperties) = preSolution
		HideSolutionNode = FALSE
	EndGlobalSection
	GlobalSection(ExtensibilityGlobals) = postSolution
		SolutionGuid = {6A8E3C98-71CE-434C-B0D3-2D425A416F3A}
	EndGlobalSection
EndGlobal
